
Microsoft Visual Studio Solution File, Format Version 12.00
# Visual Studio Version 16
VisualStudioVersion = 16.0.30523.141
MinimumVisualStudioVersion = 10.0.40219.1
Project("{FAE04EC0-301F-11D3-BF4B-00C04F79EFBC}") = "speedtiergenerator", "speedtiergenerator\speedtiergenerator.csproj", "{3CB46F7C-7D07-45F6-9E03-2F05875CE62B}"
EndProject
Global
	GlobalSection(SolutionConfigurationPlatforms) = preSolution
		Debug|Any CPU = Debug|Any CPU
		Release|Any CPU = Release|Any CPU
	EndGlobalSection
	GlobalSection(ProjectConfigurationPlatforms) = postSolution
		{3CB46F7C-7D07-45F6-9E03-2F05875CE62B}.Debug|Any CPU.ActiveCfg = Debug|Any CPU
		{3CB46F7C-7D07-45F6-9E03-2F05875CE62B}.Debug|Any CPU.Build.0 = Debug|Any CPU
		{3CB46F7C-7D07-45F6-9E03-2F05875CE62B}.Release|Any CPU.ActiveCfg = Release|Any CPU
		{3CB46F7C-7D07-45F6-9E03-2F05875CE62B}.Release|Any CPU.Build.0 = Release|Any CPU
	EndGlobalSection
	GlobalSection(SolutionProperties) = preSolution
		HideSolutionNode = FALSE
	EndGlobalSection
	GlobalSection(ExtensibilityGlobals) = postSolution
		SolutionGuid = {4E996C7B-0327-4379-95F5-E51C94869D1B}
	EndGlobalSection
EndGlobal
